
Microsoft Visual Studio Solution File, Format Version 12.00
# Visual Studio 15
VisualStudioVersion = 15.0.26430.16
MinimumVisualStudioVersion = 10.0.40219.1
Project("{FAE04EC0-301F-11D3-BF4B-00C04F79EFBC}") = "CustomerContact.DAL", "CustomerContact.DAL\CustomerContact.DAL.csproj", "{BF86C296-C4EB-4697-A289-A6C7EA4F19E5}"
EndProject
Project("{FAE04EC0-301F-11D3-BF4B-00C04F79EFBC}") = "CustomerContact.BLL", "CustomerContact.BLL\CustomerContact.BLL.csproj", "{31164F5D-261B-4BFD-8677-F97C91B661F5}"
EndProject
Project("{FAE04EC0-301F-11D3-BF4B-00C04F79EFBC}") = "CustomerContact.Migrate", "CustomerContact.Migrate\CustomerContact.Migrate.csproj", "{A6D62AC3-DC4D-438A-80A5-B63CBFF0C147}"
EndProject
Project("{FAE04EC0-301F-11D3-BF4B-00C04F79EFBC}") = "CustomerContact.Web", "CustomerContact.Web\CustomerContact.Web.csproj", "{6D13D5FE-DDCB-4CF7-9678-F5F24AE8DE76}"
EndProject
Project("{FAE04EC0-301F-11D3-BF4B-00C04F79EFBC}") = "CustomerContact.Core", "CustomerContact.Core\CustomerContact.Core.csproj", "{B52BC470-E654-4C9D-AFEF-0A1B18D60991}"
EndProject
Global
	GlobalSection(SolutionConfigurationPlatforms) = preSolution
		Debug|Any CPU = Debug|Any CPU
		Release|Any CPU = Release|Any CPU
	EndGlobalSection
	GlobalSection(ProjectConfigurationPlatforms) = postSolution
		{BF86C296-C4EB-4697-A289-A6C7EA4F19E5}.Debug|Any CPU.ActiveCfg = Debug|Any CPU
		{BF86C296-C4EB-4697-A289-A6C7EA4F19E5}.Debug|Any CPU.Build.0 = Debug|Any CPU
		{BF86C296-C4EB-4697-A289-A6C7EA4F19E5}.Release|Any CPU.ActiveCfg = Release|Any CPU
		{BF86C296-C4EB-4697-A289-A6C7EA4F19E5}.Release|Any CPU.Build.0 = Release|Any CPU
		{31164F5D-261B-4BFD-8677-F97C91B661F5}.Debug|Any CPU.ActiveCfg = Debug|Any CPU
		{31164F5D-261B-4BFD-8677-F97C91B661F5}.Debug|Any CPU.Build.0 = Debug|Any CPU
		{31164F5D-261B-4BFD-8677-F97C91B661F5}.Release|Any CPU.ActiveCfg = Release|Any CPU
		{31164F5D-261B-4BFD-8677-F97C91B661F5}.Release|Any CPU.Build.0 = Release|Any CPU
		{A6D62AC3-DC4D-438A-80A5-B63CBFF0C147}.Debug|Any CPU.ActiveCfg = Debug|Any CPU
		{A6D62AC3-DC4D-438A-80A5-B63CBFF0C147}.Debug|Any CPU.Build.0 = Debug|Any CPU
		{A6D62AC3-DC4D-438A-80A5-B63CBFF0C147}.Release|Any CPU.ActiveCfg = Release|Any CPU
		{A6D62AC3-DC4D-438A-80A5-B63CBFF0C147}.Release|Any CPU.Build.0 = Release|Any CPU
		{6D13D5FE-DDCB-4CF7-9678-F5F24AE8DE76}.Debug|Any CPU.ActiveCfg = Debug|Any CPU
		{6D13D5FE-DDCB-4CF7-9678-F5F24AE8DE76}.Debug|Any CPU.Build.0 = Debug|Any CPU
		{6D13D5FE-DDCB-4CF7-9678-F5F24AE8DE76}.Release|Any CPU.ActiveCfg = Release|Any CPU
		{6D13D5FE-DDCB-4CF7-9678-F5F24AE8DE76}.Release|Any CPU.Build.0 = Release|Any CPU
		{B52BC470-E654-4C9D-AFEF-0A1B18D60991}.Debug|Any CPU.ActiveCfg = Debug|Any CPU
		{B52BC470-E654-4C9D-AFEF-0A1B18D60991}.Debug|Any CPU.Build.0 = Debug|Any CPU
		{B52BC470-E654-4C9D-AFEF-0A1B18D60991}.Release|Any CPU.ActiveCfg = Release|Any CPU
		{B52BC470-E654-4C9D-AFEF-0A1B18D60991}.Release|Any CPU.Build.0 = Release|Any CPU
	EndGlobalSection
	GlobalSection(SolutionProperties) = preSolution
		HideSolutionNode = FALSE
	EndGlobalSection
	GlobalSection(ExtensibilityGlobals) = postSolution
		SolutionGuid = {CA6B6C55-CC36-4A78-87EB-0C2AAE3A6593}
	EndGlobalSection
EndGlobal
